
Microsoft Visual Studio Solution File, Format Version 12.00
# Visual Studio Version 17
VisualStudioVersion = 17.4.33110.190
MinimumVisualStudioVersion = 10.0.40219.1
Project("{FAE04EC0-301F-11D3-BF4B-00C04F79EFBC}") = "DatingAPI", "DatingAPI\DatingAPI.csproj", "{40328DCF-C1F3-4FC7-8A5D-FB00271E7E44}"
EndProject
Global
	GlobalSection(SolutionConfigurationPlatforms) = preSolution
		Debug|Any CPU = Debug|Any CPU
		Release|Any CPU = Release|Any CPU
	EndGlobalSection
	GlobalSection(ProjectConfigurationPlatforms) = postSolution
		{40328DCF-C1F3-4FC7-8A5D-FB00271E7E44}.Debug|Any CPU.ActiveCfg = Debug|Any CPU
		{40328DCF-C1F3-4FC7-8A5D-FB00271E7E44}.Debug|Any CPU.Build.0 = Debug|Any CPU
		{40328DCF-C1F3-4FC7-8A5D-FB00271E7E44}.Release|Any CPU.ActiveCfg = Release|Any CPU
		{40328DCF-C1F3-4FC7-8A5D-FB00271E7E44}.Release|Any CPU.Build.0 = Release|Any CPU
	EndGlobalSection
	GlobalSection(SolutionProperties) = preSolution
		HideSolutionNode = FALSE
	EndGlobalSection
	GlobalSection(ExtensibilityGlobals) = postSolution
		SolutionGuid = {868E1532-C559-4989-A388-DC44E58F2A54}
	EndGlobalSection
EndGlobal
